
Microsoft Visual Studio Solution File, Format Version 12.00
# Visual Studio 15
VisualStudioVersion = 15.0.27004.2008
MinimumVisualStudioVersion = 10.0.40219.1
Project("{2150E333-8FDC-42A3-9474-1A3956D46DE8}") = "Solution Items", "Solution Items", "{ED1DC148-908B-49DE-AC96-B69396B90ADF}"
EndProject
Project("{FAE04EC0-301F-11D3-BF4B-00C04F79EFBC}") = "Universe Generation", "Universe Generation\Universe Generation.csproj", "{608ADDA4-C91A-49F7-930E-D323574998D6}"
EndProject
Project("{FAE04EC0-301F-11D3-BF4B-00C04F79EFBC}") = "Resources List XML Converter", "Resources List XML Converter\Resources List XML Converter.csproj", "{A26A41DB-42F5-41CC-BC04-7526D4ABE668}"
EndProject
Global
	GlobalSection(SolutionConfigurationPlatforms) = preSolution
		Debug|Any CPU = Debug|Any CPU
		Release|Any CPU = Release|Any CPU
	EndGlobalSection
	GlobalSection(ProjectConfigurationPlatforms) = postSolution
		{608ADDA4-C91A-49F7-930E-D323574998D6}.Debug|Any CPU.ActiveCfg = Debug|Any CPU
		{608ADDA4-C91A-49F7-930E-D323574998D6}.Debug|Any CPU.Build.0 = Debug|Any CPU
		{608ADDA4-C91A-49F7-930E-D323574998D6}.Release|Any CPU.ActiveCfg = Release|Any CPU
		{608ADDA4-C91A-49F7-930E-D323574998D6}.Release|Any CPU.Build.0 = Release|Any CPU
		{A26A41DB-42F5-41CC-BC04-7526D4ABE668}.Debug|Any CPU.ActiveCfg = Debug|Any CPU
		{A26A41DB-42F5-41CC-BC04-7526D4ABE668}.Debug|Any CPU.Build.0 = Debug|Any CPU
		{A26A41DB-42F5-41CC-BC04-7526D4ABE668}.Release|Any CPU.ActiveCfg = Release|Any CPU
		{A26A41DB-42F5-41CC-BC04-7526D4ABE668}.Release|Any CPU.Build.0 = Release|Any CPU
	EndGlobalSection
	GlobalSection(SolutionProperties) = preSolution
		HideSolutionNode = FALSE
	EndGlobalSection
	GlobalSection(NestedProjects) = preSolution
		{608ADDA4-C91A-49F7-930E-D323574998D6} = {ED1DC148-908B-49DE-AC96-B69396B90ADF}
		{A26A41DB-42F5-41CC-BC04-7526D4ABE668} = {ED1DC148-908B-49DE-AC96-B69396B90ADF}
	EndGlobalSection
	GlobalSection(ExtensibilityGlobals) = postSolution
		SolutionGuid = {A7895625-2F5D-4562-AC28-C96DE1B6AE1F}
	EndGlobalSection
EndGlobal
